
Microsoft Visual Studio Solution File, Format Version 12.00
# Visual Studio Version 17
VisualStudioVersion = 17.0.31903.59
MinimumVisualStudioVersion = 10.0.40219.1
Project("{2150E333-8FDC-42A3-9474-1A3956D46DE8}") = "src", "src", "{827E0CD3-B72D-47B6-A68D-7590B98EB39B}"
EndProject
Project("{FAE04EC0-301F-11D3-BF4B-00C04F79EFBC}") = "EaaS.Domain", "src\EaaS.Domain\EaaS.Domain.csproj", "{00D96CE3-9102-4E62-BE22-3BFFD20337D6}"
EndProject
Project("{FAE04EC0-301F-11D3-BF4B-00C04F79EFBC}") = "EaaS.Shared", "src\EaaS.Shared\EaaS.Shared.csproj", "{BD2C1CC8-837D-4CDF-8B17-5FB17AC74FE8}"
EndProject
Project("{FAE04EC0-301F-11D3-BF4B-00C04F79EFBC}") = "EaaS.Infrastructure", "src\EaaS.Infrastructure\EaaS.Infrastructure.csproj", "{82FEFE41-1533-446F-A880-B12F23582E64}"
EndProject
Project("{FAE04EC0-301F-11D3-BF4B-00C04F79EFBC}") = "EaaS.Api", "src\EaaS.Api\EaaS.Api.csproj", "{8E8F1DA6-9785-4430-9441-847B736AA7C1}"
EndProject
Project("{FAE04EC0-301F-11D3-BF4B-00C04F79EFBC}") = "EaaS.Worker", "src\EaaS.Worker\EaaS.Worker.csproj", "{C7D57BA7-BE59-48C4-8D38-5E249AAB1C1E}"
EndProject
Project("{FAE04EC0-301F-11D3-BF4B-00C04F79EFBC}") = "EaaS.WebhookProcessor", "src\EaaS.WebhookProcessor\EaaS.WebhookProcessor.csproj", "{03FFFAAA-674D-4E2E-8FA5-C40FE375091D}"
EndProject
Project("{2150E333-8FDC-42A3-9474-1A3956D46DE8}") = "tests", "tests", "{0AB3BF05-4346-4AA6-1389-037BE0695223}"
EndProject
Project("{FAE04EC0-301F-11D3-BF4B-00C04F79EFBC}") = "EaaS.Api.Tests", "tests\EaaS.Api.Tests\EaaS.Api.Tests.csproj", "{88DE596B-7745-433F-86D3-C09C105A3DBE}"
EndProject
Project("{FAE04EC0-301F-11D3-BF4B-00C04F79EFBC}") = "EaaS.Worker.Tests", "tests\EaaS.Worker.Tests\EaaS.Worker.Tests.csproj", "{FEA46686-8583-4B98-9C56-45BD0AEFE53F}"
EndProject
Project("{FAE04EC0-301F-11D3-BF4B-00C04F79EFBC}") = "EaaS.Infrastructure.Tests", "tests\EaaS.Infrastructure.Tests\EaaS.Infrastructure.Tests.csproj", "{29FAF9F1-DCC7-4DD4-B832-E6FC1AB7E7D6}"
EndProject
Project("{FAE04EC0-301F-11D3-BF4B-00C04F79EFBC}") = "EaaS.Integration.Tests", "tests\EaaS.Integration.Tests\EaaS.Integration.Tests.csproj", "{FD94E5EA-DED4-4298-B72B-A46FACAF3710}"
EndProject
Project("{FAE04EC0-301F-11D3-BF4B-00C04F79EFBC}") = "EaaS.WebhookProcessor.Tests", "tests\EaaS.WebhookProcessor.Tests\EaaS.WebhookProcessor.Tests.csproj", "{D8A2B1AF-5A0A-45B4-B56D-BFFC53EFE886}"
EndProject
Project("{FAE04EC0-301F-11D3-BF4B-00C04F79EFBC}") = "SendNex.Mailgun", "src\SendNex.Mailgun\SendNex.Mailgun.csproj", "{F8D64385-0A0A-46F0-81C5-E144C34B8C2C}"
EndProject
Project("{FAE04EC0-301F-11D3-BF4B-00C04F79EFBC}") = "EaaS.Domain.Providers.Tests", "tests\EaaS.Domain.Providers.Tests\EaaS.Domain.Providers.Tests.csproj", "{AD2B2480-F156-4FB3-8BD8-BE0BA63A8D67}"
EndProject
Global
	GlobalSection(SolutionConfigurationPlatforms) = preSolution
		Debug|Any CPU = Debug|Any CPU
		Debug|x64 = Debug|x64
		Debug|x86 = Debug|x86
		Release|Any CPU = Release|Any CPU
		Release|x64 = Release|x64
		Release|x86 = Release|x86
	EndGlobalSection
	GlobalSection(ProjectConfigurationPlatforms) = postSolution
		{00D96CE3-9102-4E62-BE22-3BFFD20337D6}.Debug|Any CPU.ActiveCfg = Debug|Any CPU
		{00D96CE3-9102-4E62-BE22-3BFFD20337D6}.Debug|Any CPU.Build.0 = Debug|Any CPU
		{00D96CE3-9102-4E62-BE22-3BFFD20337D6}.Debug|x64.ActiveCfg = Debug|Any CPU
		{00D96CE3-9102-4E62-BE22-3BFFD20337D6}.Debug|x64.Build.0 = Debug|Any CPU
		{00D96CE3-9102-4E62-BE22-3BFFD20337D6}.Debug|x86.ActiveCfg = Debug|Any CPU
		{00D96CE3-9102-4E62-BE22-3BFFD20337D6}.Debug|x86.Build.0 = Debug|Any CPU
		{00D96CE3-9102-4E62-BE22-3BFFD20337D6}.Release|Any CPU.ActiveCfg = Release|Any CPU
		{00D96CE3-9102-4E62-BE22-3BFFD20337D6}.Release|Any CPU.Build.0 = Release|Any CPU
		{00D96CE3-9102-4E62-BE22-3BFFD20337D6}.Release|x64.ActiveCfg = Release|Any CPU
		{00D96CE3-9102-4E62-BE22-3BFFD20337D6}.Release|x64.Build.0 = Release|Any CPU
		{00D96CE3-9102-4E62-BE22-3BFFD20337D6}.Release|x86.ActiveCfg = Release|Any CPU
		{00D96CE3-9102-4E62-BE22-3BFFD20337D6}.Release|x86.Build.0 = Release|Any CPU
		{BD2C1CC8-837D-4CDF-8B17-5FB17AC74FE8}.Debug|Any CPU.ActiveCfg = Debug|Any CPU
		{BD2C1CC8-837D-4CDF-8B17-5FB17AC74FE8}.Debug|Any CPU.Build.0 = Debug|Any CPU
		{BD2C1CC8-837D-4CDF-8B17-5FB17AC74FE8}.Debug|x64.ActiveCfg = Debug|Any CPU
		{BD2C1CC8-837D-4CDF-8B17-5FB17AC74FE8}.Debug|x64.Build.0 = Debug|Any CPU
		{BD2C1CC8-837D-4CDF-8B17-5FB17AC74FE8}.Debug|x86.ActiveCfg = Debug|Any CPU
		{BD2C1CC8-837D-4CDF-8B17-5FB17AC74FE8}.Debug|x86.Build.0 = Debug|Any CPU
		{BD2C1CC8-837D-4CDF-8B17-5FB17AC74FE8}.Release|Any CPU.ActiveCfg = Release|Any CPU
		{BD2C1CC8-837D-4CDF-8B17-5FB17AC74FE8}.Release|Any CPU.Build.0 = Release|Any CPU
		{BD2C1CC8-837D-4CDF-8B17-5FB17AC74FE8}.Release|x64.ActiveCfg = Release|Any CPU
		{BD2C1CC8-837D-4CDF-8B17-5FB17AC74FE8}.Release|x64.Build.0 = Release|Any CPU
		{BD2C1CC8-837D-4CDF-8B17-5FB17AC74FE8}.Release|x86.ActiveCfg = Release|Any CPU
		{BD2C1CC8-837D-4CDF-8B17-5FB17AC74FE8}.Release|x86.Build.0 = Release|Any CPU
		{82FEFE41-1533-446F-A880-B12F23582E64}.Debug|Any CPU.ActiveCfg = Debug|Any CPU
		{82FEFE41-1533-446F-A880-B12F23582E64}.Debug|Any CPU.Build.0 = Debug|Any CPU
		{82FEFE41-1533-446F-A880-B12F23582E64}.Debug|x64.ActiveCfg = Debug|Any CPU
		{82FEFE41-1533-446F-A880-B12F23582E64}.Debug|x64.Build.0 = Debug|Any CPU
		{82FEFE41-1533-446F-A880-B12F23582E64}.Debug|x86.ActiveCfg = Debug|Any CPU
		{82FEFE41-1533-446F-A880-B12F23582E64}.Debug|x86.Build.0 = Debug|Any CPU
		{82FEFE41-1533-446F-A880-B12F23582E64}.Release|Any CPU.ActiveCfg = Release|Any CPU
		{82FEFE41-1533-446F-A880-B12F23582E64}.Release|Any CPU.Build.0 = Release|Any CPU
		{82FEFE41-1533-446F-A880-B12F23582E64}.Release|x64.ActiveCfg = Release|Any CPU
		{82FEFE41-1533-446F-A880-B12F23582E64}.Release|x64.Build.0 = Release|Any CPU
		{82FEFE41-1533-446F-A880-B12F23582E64}.Release|x86.ActiveCfg = Release|Any CPU
		{82FEFE41-1533-446F-A880-B12F23582E64}.Release|x86.Build.0 = Release|Any CPU
		{8E8F1DA6-9785-4430-9441-847B736AA7C1}.Debug|Any CPU.ActiveCfg = Debug|Any CPU
		{8E8F1DA6-9785-4430-9441-847B736AA7C1}.Debug|Any CPU.Build.0 = Debug|Any CPU
		{8E8F1DA6-9785-4430-9441-847B736AA7C1}.Debug|x64.ActiveCfg = Debug|Any CPU
		{8E8F1DA6-9785-4430-9441-847B736AA7C1}.Debug|x64.Build.0 = Debug|Any CPU
		{8E8F1DA6-9785-4430-9441-847B736AA7C1}.Debug|x86.ActiveCfg = Debug|Any CPU
		{8E8F1DA6-9785-4430-9441-847B736AA7C1}.Debug|x86.Build.0 = Debug|Any CPU
		{8E8F1DA6-9785-4430-9441-847B736AA7C1}.Release|Any CPU.ActiveCfg = Release|Any CPU
		{8E8F1DA6-9785-4430-9441-847B736AA7C1}.Release|Any CPU.Build.0 = Release|Any CPU
		{8E8F1DA6-9785-4430-9441-847B736AA7C1}.Release|x64.ActiveCfg = Release|Any CPU
		{8E8F1DA6-9785-4430-9441-847B736AA7C1}.Release|x64.Build.0 = Release|Any CPU
		{8E8F1DA6-9785-4430-9441-847B736AA7C1}.Release|x86.ActiveCfg = Release|Any CPU
		{8E8F1DA6-9785-4430-9441-847B736AA7C1}.Release|x86.Build.0 = Release|Any CPU
		{C7D57BA7-BE59-48C4-8D38-5E249AAB1C1E}.Debug|Any CPU.ActiveCfg = Debug|Any CPU
		{C7D57BA7-BE59-48C4-8D38-5E249AAB1C1E}.Debug|Any CPU.Build.0 = Debug|Any CPU
		{C7D57BA7-BE59-48C4-8D38-5E249AAB1C1E}.Debug|x64.ActiveCfg = Debug|Any CPU
		{C7D57BA7-BE59-48C4-8D38-5E249AAB1C1E}.Debug|x64.Build.0 = Debug|Any CPU
		{C7D57BA7-BE59-48C4-8D38-5E249AAB1C1E}.Debug|x86.ActiveCfg = Debug|Any CPU
		{C7D57BA7-BE59-48C4-8D38-5E249AAB1C1E}.Debug|x86.Build.0 = Debug|Any CPU
		{C7D57BA7-BE59-48C4-8D38-5E249AAB1C1E}.Release|Any CPU.ActiveCfg = Release|Any CPU
		{C7D57BA7-BE59-48C4-8D38-5E249AAB1C1E}.Release|Any CPU.Build.0 = Release|Any CPU
		{C7D57BA7-BE59-48C4-8D38-5E249AAB1C1E}.Release|x64.ActiveCfg = Release|Any CPU
		{C7D57BA7-BE59-48C4-8D38-5E249AAB1C1E}.Release|x64.Build.0 = Release|Any CPU
		{C7D57BA7-BE59-48C4-8D38-5E249AAB1C1E}.Release|x86.ActiveCfg = Release|Any CPU
		{C7D57BA7-BE59-48C4-8D38-5E249AAB1C1E}.Release|x86.Build.0 = Release|Any CPU
		{03FFFAAA-674D-4E2E-8FA5-C40FE375091D}.Debug|Any CPU.ActiveCfg = Debug|Any CPU
		{03FFFAAA-674D-4E2E-8FA5-C40FE375091D}.Debug|Any CPU.Build.0 = Debug|Any CPU
		{03FFFAAA-674D-4E2E-8FA5-C40FE375091D}.Debug|x64.ActiveCfg = Debug|Any CPU
		{03FFFAAA-674D-4E2E-8FA5-C40FE375091D}.Debug|x64.Build.0 = Debug|Any CPU
		{03FFFAAA-674D-4E2E-8FA5-C40FE375091D}.Debug|x86.ActiveCfg = Debug|Any CPU
		{03FFFAAA-674D-4E2E-8FA5-C40FE375091D}.Debug|x86.Build.0 = Debug|Any CPU
		{03FFFAAA-674D-4E2E-8FA5-C40FE375091D}.Release|Any CPU.ActiveCfg = Release|Any CPU
		{03FFFAAA-674D-4E2E-8FA5-C40FE375091D}.Release|Any CPU.Build.0 = Release|Any CPU
		{03FFFAAA-674D-4E2E-8FA5-C40FE375091D}.Release|x64.ActiveCfg = Release|Any CPU
		{03FFFAAA-674D-4E2E-8FA5-C40FE375091D}.Release|x64.Build.0 = Release|Any CPU
		{03FFFAAA-674D-4E2E-8FA5-C40FE375091D}.Release|x86.ActiveCfg = Release|Any CPU
		{03FFFAAA-674D-4E2E-8FA5-C40FE375091D}.Release|x86.Build.0 = Release|Any CPU
		{88DE596B-7745-433F-86D3-C09C105A3DBE}.Debug|Any CPU.ActiveCfg = Debug|Any CPU
		{88DE596B-7745-433F-86D3-C09C105A3DBE}.Debug|Any CPU.Build.0 = Debug|Any CPU
		{88DE596B-7745-433F-86D3-C09C105A3DBE}.Debug|x64.ActiveCfg = Debug|Any CPU
		{88DE596B-7745-433F-86D3-C09C105A3DBE}.Debug|x64.Build.0 = Debug|Any CPU
		{88DE596B-7745-433F-86D3-C09C105A3DBE}.Debug|x86.ActiveCfg = Debug|Any CPU
		{88DE596B-7745-433F-86D3-C09C105A3DBE}.Debug|x86.Build.0 = Debug|Any CPU
		{88DE596B-7745-433F-86D3-C09C105A3DBE}.Release|Any CPU.ActiveCfg = Release|Any CPU
		{88DE596B-7745-433F-86D3-C09C105A3DBE}.Release|Any CPU.Build.0 = Release|Any CPU
		{88DE596B-7745-433F-86D3-C09C105A3DBE}.Release|x64.ActiveCfg = Release|Any CPU
		{88DE596B-7745-433F-86D3-C09C105A3DBE}.Release|x64.Build.0 = Release|Any CPU
		{88DE596B-7745-433F-86D3-C09C105A3DBE}.Release|x86.ActiveCfg = Release|Any CPU
		{88DE596B-7745-433F-86D3-C09C105A3DBE}.Release|x86.Build.0 = Release|Any CPU
		{FEA46686-8583-4B98-9C56-45BD0AEFE53F}.Debug|Any CPU.ActiveCfg = Debug|Any CPU
		{FEA46686-8583-4B98-9C56-45BD0AEFE53F}.Debug|Any CPU.Build.0 = Debug|Any CPU
		{FEA46686-8583-4B98-9C56-45BD0AEFE53F}.Debug|x64.ActiveCfg = Debug|Any CPU
		{FEA46686-8583-4B98-9C56-45BD0AEFE53F}.Debug|x64.Build.0 = Debug|Any CPU
		{FEA46686-8583-4B98-9C56-45BD0AEFE53F}.Debug|x86.ActiveCfg = Debug|Any CPU
		{FEA46686-8583-4B98-9C56-45BD0AEFE53F}.Debug|x86.Build.0 = Debug|Any CPU
		{FEA46686-8583-4B98-9C56-45BD0AEFE53F}.Release|Any CPU.ActiveCfg = Release|Any CPU
		{FEA46686-8583-4B98-9C56-45BD0AEFE53F}.Release|Any CPU.Build.0 = Release|Any CPU
		{FEA46686-8583-4B98-9C56-45BD0AEFE53F}.Release|x64.ActiveCfg = Release|Any CPU
		{FEA46686-8583-4B98-9C56-45BD0AEFE53F}.Release|x64.Build.0 = Release|Any CPU
		{FEA46686-8583-4B98-9C56-45BD0AEFE53F}.Release|x86.ActiveCfg = Release|Any CPU
		{FEA46686-8583-4B98-9C56-45BD0AEFE53F}.Release|x86.Build.0 = Release|Any CPU
		{29FAF9F1-DCC7-4DD4-B832-E6FC1AB7E7D6}.Debug|Any CPU.ActiveCfg = Debug|Any CPU
		{29FAF9F1-DCC7-4DD4-B832-E6FC1AB7E7D6}.Debug|Any CPU.Build.0 = Debug|Any CPU
		{29FAF9F1-DCC7-4DD4-B832-E6FC1AB7E7D6}.Debug|x64.ActiveCfg = Debug|Any CPU
		{29FAF9F1-DCC7-4DD4-B832-E6FC1AB7E7D6}.Debug|x64.Build.0 = Debug|Any CPU
		{29FAF9F1-DCC7-4DD4-B832-E6FC1AB7E7D6}.Debug|x86.ActiveCfg = Debug|Any CPU
		{29FAF9F1-DCC7-4DD4-B832-E6FC1AB7E7D6}.Debug|x86.Build.0 = Debug|Any CPU
		{29FAF9F1-DCC7-4DD4-B832-E6FC1AB7E7D6}.Release|Any CPU.ActiveCfg = Release|Any CPU
		{29FAF9F1-DCC7-4DD4-B832-E6FC1AB7E7D6}.Release|Any CPU.Build.0 = Release|Any CPU
		{29FAF9F1-DCC7-4DD4-B832-E6FC1AB7E7D6}.Release|x64.ActiveCfg = Release|Any CPU
		{29FAF9F1-DCC7-4DD4-B832-E6FC1AB7E7D6}.Release|x64.Build.0 = Release|Any CPU
		{29FAF9F1-DCC7-4DD4-B832-E6FC1AB7E7D6}.Release|x86.ActiveCfg = Release|Any CPU
		{29FAF9F1-DCC7-4DD4-B832-E6FC1AB7E7D6}.Release|x86.Build.0 = Release|Any CPU
		{FD94E5EA-DED4-4298-B72B-A46FACAF3710}.Debug|Any CPU.ActiveCfg = Debug|Any CPU
		{FD94E5EA-DED4-4298-B72B-A46FACAF3710}.Debug|Any CPU.Build.0 = Debug|Any CPU
		{FD94E5EA-DED4-4298-B72B-A46FACAF3710}.Debug|x64.ActiveCfg = Debug|Any CPU
		{FD94E5EA-DED4-4298-B72B-A46FACAF3710}.Debug|x64.Build.0 = Debug|Any CPU
		{FD94E5EA-DED4-4298-B72B-A46FACAF3710}.Debug|x86.ActiveCfg = Debug|Any CPU
		{FD94E5EA-DED4-4298-B72B-A46FACAF3710}.Debug|x86.Build.0 = Debug|Any CPU
		{FD94E5EA-DED4-4298-B72B-A46FACAF3710}.Release|Any CPU.ActiveCfg = Release|Any CPU
		{FD94E5EA-DED4-4298-B72B-A46FACAF3710}.Release|Any CPU.Build.0 = Release|Any CPU
		{FD94E5EA-DED4-4298-B72B-A46FACAF3710}.Release|x64.ActiveCfg = Release|Any CPU
		{FD94E5EA-DED4-4298-B72B-A46FACAF3710}.Release|x64.Build.0 = Release|Any CPU
		{FD94E5EA-DED4-4298-B72B-A46FACAF3710}.Release|x86.ActiveCfg = Release|Any CPU
		{FD94E5EA-DED4-4298-B72B-A46FACAF3710}.Release|x86.Build.0 = Release|Any CPU
		{D8A2B1AF-5A0A-45B4-B56D-BFFC53EFE886}.Debug|Any CPU.ActiveCfg = Debug|Any CPU
		{D8A2B1AF-5A0A-45B4-B56D-BFFC53EFE886}.Debug|Any CPU.Build.0 = Debug|Any CPU
		{D8A2B1AF-5A0A-45B4-B56D-BFFC53EFE886}.Debug|x64.ActiveCfg = Debug|Any CPU
		{D8A2B1AF-5A0A-45B4-B56D-BFFC53EFE886}.Debug|x64.Build.0 = Debug|Any CPU
		{D8A2B1AF-5A0A-45B4-B56D-BFFC53EFE886}.Debug|x86.ActiveCfg = Debug|Any CPU
		{D8A2B1AF-5A0A-45B4-B56D-BFFC53EFE886}.Debug|x86.Build.0 = Debug|Any CPU
		{D8A2B1AF-5A0A-45B4-B56D-BFFC53EFE886}.Release|Any CPU.ActiveCfg = Release|Any CPU
		{D8A2B1AF-5A0A-45B4-B56D-BFFC53EFE886}.Release|Any CPU.Build.0 = Release|Any CPU
		{D8A2B1AF-5A0A-45B4-B56D-BFFC53EFE886}.Release|x64.ActiveCfg = Release|Any CPU
		{D8A2B1AF-5A0A-45B4-B56D-BFFC53EFE886}.Release|x64.Build.0 = Release|Any CPU
		{D8A2B1AF-5A0A-45B4-B56D-BFFC53EFE886}.Release|x86.ActiveCfg = Release|Any CPU
		{D8A2B1AF-5A0A-45B4-B56D-BFFC53EFE886}.Release|x86.Build.0 = Release|Any CPU
		{F8D64385-0A0A-46F0-81C5-E144C34B8C2C}.Debug|Any CPU.ActiveCfg = Debug|Any CPU
		{F8D64385-0A0A-46F0-81C5-E144C34B8C2C}.Debug|Any CPU.Build.0 = Debug|Any CPU
		{F8D64385-0A0A-46F0-81C5-E144C34B8C2C}.Debug|x64.ActiveCfg = Debug|Any CPU
		{F8D64385-0A0A-46F0-81C5-E144C34B8C2C}.Debug|x64.Build.0 = Debug|Any CPU
		{F8D64385-0A0A-46F0-81C5-E144C34B8C2C}.Debug|x86.ActiveCfg = Debug|Any CPU
		{F8D64385-0A0A-46F0-81C5-E144C34B8C2C}.Debug|x86.Build.0 = Debug|Any CPU
		{F8D64385-0A0A-46F0-81C5-E144C34B8C2C}.Release|Any CPU.ActiveCfg = Release|Any CPU
		{F8D64385-0A0A-46F0-81C5-E144C34B8C2C}.Release|Any CPU.Build.0 = Release|Any CPU
		{F8D64385-0A0A-46F0-81C5-E144C34B8C2C}.Release|x64.ActiveCfg = Release|Any CPU
		{F8D64385-0A0A-46F0-81C5-E144C34B8C2C}.Release|x64.Build.0 = Release|Any CPU
		{F8D64385-0A0A-46F0-81C5-E144C34B8C2C}.Release|x86.ActiveCfg = Release|Any CPU
		{F8D64385-0A0A-46F0-81C5-E144C34B8C2C}.Release|x86.Build.0 = Release|Any CPU
		{AD2B2480-F156-4FB3-8BD8-BE0BA63A8D67}.Debug|Any CPU.ActiveCfg = Debug|Any CPU
		{AD2B2480-F156-4FB3-8BD8-BE0BA63A8D67}.Debug|Any CPU.Build.0 = Debug|Any CPU
		{AD2B2480-F156-4FB3-8BD8-BE0BA63A8D67}.Debug|x64.ActiveCfg = Debug|Any CPU
		{AD2B2480-F156-4FB3-8BD8-BE0BA63A8D67}.Debug|x64.Build.0 = Debug|Any CPU
		{AD2B2480-F156-4FB3-8BD8-BE0BA63A8D67}.Debug|x86.ActiveCfg = Debug|Any CPU
		{AD2B2480-F156-4FB3-8BD8-BE0BA63A8D67}.Debug|x86.Build.0 = Debug|Any CPU
		{AD2B2480-F156-4FB3-8BD8-BE0BA63A8D67}.Release|Any CPU.ActiveCfg = Release|Any CPU
		{AD2B2480-F156-4FB3-8BD8-BE0BA63A8D67}.Release|Any CPU.Build.0 = Release|Any CPU
		{AD2B2480-F156-4FB3-8BD8-BE0BA63A8D67}.Release|x64.ActiveCfg = Release|Any CPU
		{AD2B2480-F156-4FB3-8BD8-BE0BA63A8D67}.Release|x64.Build.0 = Release|Any CPU
		{AD2B2480-F156-4FB3-8BD8-BE0BA63A8D67}.Release|x86.ActiveCfg = Release|Any CPU
		{AD2B2480-F156-4FB3-8BD8-BE0BA63A8D67}.Release|x86.Build.0 = Release|Any CPU
	EndGlobalSection
	GlobalSection(SolutionProperties) = preSolution
		HideSolutionNode = FALSE
	EndGlobalSection
	GlobalSection(NestedProjects) = preSolution
		{00D96CE3-9102-4E62-BE22-3BFFD20337D6} = {827E0CD3-B72D-47B6-A68D-7590B98EB39B}
		{BD2C1CC8-837D-4CDF-8B17-5FB17AC74FE8} = {827E0CD3-B72D-47B6-A68D-7590B98EB39B}
		{82FEFE41-1533-446F-A880-B12F23582E64} = {827E0CD3-B72D-47B6-A68D-7590B98EB39B}
		{8E8F1DA6-9785-4430-9441-847B736AA7C1} = {827E0CD3-B72D-47B6-A68D-7590B98EB39B}
		{C7D57BA7-BE59-48C4-8D38-5E249AAB1C1E} = {827E0CD3-B72D-47B6-A68D-7590B98EB39B}
		{03FFFAAA-674D-4E2E-8FA5-C40FE375091D} = {827E0CD3-B72D-47B6-A68D-7590B98EB39B}
		{88DE596B-7745-433F-86D3-C09C105A3DBE} = {0AB3BF05-4346-4AA6-1389-037BE0695223}
		{FEA46686-8583-4B98-9C56-45BD0AEFE53F} = {0AB3BF05-4346-4AA6-1389-037BE0695223}
		{29FAF9F1-DCC7-4DD4-B832-E6FC1AB7E7D6} = {0AB3BF05-4346-4AA6-1389-037BE0695223}
		{FD94E5EA-DED4-4298-B72B-A46FACAF3710} = {0AB3BF05-4346-4AA6-1389-037BE0695223}
		{D8A2B1AF-5A0A-45B4-B56D-BFFC53EFE886} = {0AB3BF05-4346-4AA6-1389-037BE0695223}
		{F8D64385-0A0A-46F0-81C5-E144C34B8C2C} = {827E0CD3-B72D-47B6-A68D-7590B98EB39B}
		{AD2B2480-F156-4FB3-8BD8-BE0BA63A8D67} = {0AB3BF05-4346-4AA6-1389-037BE0695223}
	EndGlobalSection
EndGlobal
